{"1.2.0",
[{<<"cut">>,{pkg,<<"cut">>,<<"1.0.3">>},1},
 {<<"epcap">>,
  {git,"https://github.com/msantos/epcap",
       {ref,"b98edbfbb0392101cd874b098caa5180f2f44b2e"}},
  1},
 {<<"erlando">>,
  {git,"https://github.com/travelping/erlando.git",
       {ref,"7ed3a732d1af082a3a2745c36dfd9406148391be"}},
  1},
 {<<"gen_netlink">>,
  {git,"https://github.com/osmocom/gen_netlink",
       {ref,"fb4cbfbc750deb263035c11f11e4b0616efb71dc"}},
  1},
 {<<"gen_socket">>,
  {git,"https://github.com/osmocom/gen_socket",
       {ref,"e32b2a3bd5de8088f509aad9c197553cc3acbc6c"}},
  2},
 {<<"goldrush">>,{pkg,<<"goldrush">>,<<"0.1.9">>},1},
 {<<"gtp_u_kmod">>,
  {git,"https://github.com/osmocom/gtp_u_kmod",
       {ref,"b3656ebb11528a2db3171dbf94f1a8bf0d6ffd00"}},
  0},
 {<<"gtplib">>,
  {git,"https://github.com/osmocom/gtplib",
       {ref,"08781f86f340aeaa4708166bfbeccf754217023e"}},
  0},
 {<<"lager">>,
  {git,"https://github.com/erlang-lager/lager",
       {ref,"459a3b2cdd9eadd29e5a7ce5c43932f5ccd6eb88"}},
  0},
 {<<"osmo_gsup">>,
  {git,"https://gerrit.osmocom.org/erlang/osmo_gsup",
       {ref,"777296babb15617942296b0f51c1dfb247a35e43"}},
  0},
 {<<"osmo_ss7">>,
  {git,"https://gerrit.osmocom.org/erlang/osmo_ss7",
       {ref,"2286c1b8738d715950026650bf53f19a69d6ed0e"}},
  0},
 {<<"parse_trans">>,
  {git,"https://github.com/uwiger/parse_trans.git",
       {ref,"d99fb36755c813a5db23e6f93741aa58323ef911"}},
  1},
 {<<"pkt">>,
  {git,"https://github.com/msantos/pkt",
       {ref,"67a4a14f596fded5ad5f2d8f94318faa8ad2c288"}},
  1},
 {<<"ppplib">>,{pkg,<<"ppplib">>,<<"1.0.0">>},1}]}.
[
{pkg_hash,[
 {<<"cut">>, <<"1577F2F3BC0F2BF3B97903B7426F8A3D79523687B6A444D0F59A095EF69A0E81">>},
 {<<"goldrush">>, <<"F06E5D5F1277DA5C413E84D5A2924174182FB108DABB39D5EC548B27424CD106">>},
 {<<"ppplib">>, <<"F9EC2690532BAF590277A305A2276FCFAD0285557E1055552F8A2FCAF1BF081A">>}]},
{pkg_hash_ext,[
 {<<"cut">>, <<"1A4A25DB2B7C5565FD28B314A4EEB898B1ED3CAFFA1AB09149345FB5731ED04B">>},
 {<<"goldrush">>, <<"99CB4128CFFCB3227581E5D4D803D5413FA643F4EB96523F77D9E6937D994CEB">>},
 {<<"ppplib">>, <<"32440D630F55DD29F849847DD8F15F69175FDDC210AA88517AC8AD2854CD6FA1">>}]}
].
